// !$*UTF8*$!
{
	archiveVersion = 1;
	classes = {
	};
	objectVersion = 46;
	objects = {

/* Begin PBXBuildFile section */
		26DB0F091C2E85BC007C1E28 /* DMCircleView.swift in Sources */ = {isa = PBXBuildFile; fileRef = 26DB0EFF1C2E85BC007C1E28 /* DMCircleView.swift */; };
		26DB0F0A1C2E85BC007C1E28 /* DMProgressView.swift in Sources */ = {isa = PBXBuildFile; fileRef = 26DB0F011C2E85BC007C1E28 /* DMProgressView.swift */; };
		26DB0F0B1C2E85BC007C1E28 /* DMRefreshBaseView.swift in Sources */ = {isa = PBXBuildFile; fileRef = 26DB0F031C2E85BC007C1E28 /* DMRefreshBaseView.swift */; };
		26DB0F0C1C2E85BC007C1E28 /* DMRefreshFooterView.swift in Sources */ = {isa = PBXBuildFile; fileRef = 26DB0F041C2E85BC007C1E28 /* DMRefreshFooterView.swift */; };
		26DB0F0D1C2E85BC007C1E28 /* DMRefreshHeaderView.swift in Sources */ = {isa = PBXBuildFile; fileRef = 26DB0F051C2E85BC007C1E28 /* DMRefreshHeaderView.swift */; };
		26DB0F0E1C2E85BC007C1E28 /* ScrollView+DMRefresh.swift in Sources */ = {isa = PBXBuildFile; fileRef = 26DB0F061C2E85BC007C1E28 /* ScrollView+DMRefresh.swift */; };
		26DB0F0F1C2E85BC007C1E28 /* ExtensionViewController.swift in Sources */ = {isa = PBXBuildFile; fileRef = 26DB0F081C2E85BC007C1E28 /* ExtensionViewController.swift */; };
		26DB0F111C2E85DE007C1E28 /* DMUtils.swift in Sources */ = {isa = PBXBuildFile; fileRef = 26DB0F101C2E85DE007C1E28 /* DMUtils.swift */; };
		26DB0F131C2E8626007C1E28 /* DMConsts.swift in Sources */ = {isa = PBXBuildFile; fileRef = 26DB0F121C2E8626007C1E28 /* DMConsts.swift */; };
		26F7793B1C1E4B8D000D3A2F /* AppDelegate.swift in Sources */ = {isa = PBXBuildFile; fileRef = 26F7793A1C1E4B8D000D3A2F /* AppDelegate.swift */; };
		26F7793D1C1E4B8D000D3A2F /* ViewController.swift in Sources */ = {isa = PBXBuildFile; fileRef = 26F7793C1C1E4B8D000D3A2F /* ViewController.swift */; };
		26F779401C1E4B8D000D3A2F /* Main.storyboard in Resources */ = {isa = PBXBuildFile; fileRef = 26F7793E1C1E4B8D000D3A2F /* Main.storyboard */; };
		26F779421C1E4B8D000D3A2F /* Assets.xcassets in Resources */ = {isa = PBXBuildFile; fileRef = 26F779411C1E4B8D000D3A2F /* Assets.xcassets */; };
		26F779451C1E4B8D000D3A2F /* LaunchScreen.storyboard in Resources */ = {isa = PBXBuildFile; fileRef = 26F779431C1E4B8D000D3A2F /* LaunchScreen.storyboard */; };
/* End PBXBuildFile section */

/* Begin PBXFileReference section */
		26DB0EFF1C2E85BC007C1E28 /* DMCircleView.swift */ = {isa = PBXFileReference; fileEncoding = 4; lastKnownFileType = sourcecode.swift; path = DMCircleView.swift; sourceTree = "<group>"; };
		26DB0F011C2E85BC007C1E28 /* DMProgressView.swift */ = {isa = PBXFileReference; fileEncoding = 4; lastKnownFileType = sourcecode.swift; path = DMProgressView.swift; sourceTree = "<group>"; };
		26DB0F031C2E85BC007C1E28 /* DMRefreshBaseView.swift */ = {isa = PBXFileReference; fileEncoding = 4; lastKnownFileType = sourcecode.swift; path = DMRefreshBaseView.swift; sourceTree = "<group>"; };
		26DB0F041C2E85BC007C1E28 /* DMRefreshFooterView.swift */ = {isa = PBXFileReference; fileEncoding = 4; lastKnownFileType = sourcecode.swift; path = DMRefreshFooterView.swift; sourceTree = "<group>"; };
		26DB0F051C2E85BC007C1E28 /* DMRefreshHeaderView.swift */ = {isa = PBXFileReference; fileEncoding = 4; lastKnownFileType = sourcecode.swift; path = DMRefreshHeaderView.swift; sourceTree = "<group>"; };
		26DB0F061C2E85BC007C1E28 /* ScrollView+DMRefresh.swift */ = {isa = PBXFileReference; fileEncoding = 4; lastKnownFileType = sourcecode.swift; path = "ScrollView+DMRefresh.swift"; sourceTree = "<group>"; };
		26DB0F081C2E85BC007C1E28 /* ExtensionViewController.swift */ = {isa = PBXFileReference; fileEncoding = 4; lastKnownFileType = sourcecode.swift; path = ExtensionViewController.swift; sourceTree = "<group>"; };
		26DB0F101C2E85DE007C1E28 /* DMUtils.swift */ = {isa = PBXFileReference; fileEncoding = 4; lastKnownFileType = sourcecode.swift; path = DMUtils.swift; sourceTree = "<group>"; };
		26DB0F121C2E8626007C1E28 /* DMConsts.swift */ = {isa = PBXFileReference; fileEncoding = 4; lastKnownFileType = sourcecode.swift; path = DMConsts.swift; sourceTree = "<group>"; };
		26F779371C1E4B8D000D3A2F /* UITest.app */ = {isa = PBXFileReference; explicitFileType = wrapper.application; includeInIndex = 0; path = UITest.app; sourceTree = BUILT_PRODUCTS_DIR; };
		26F7793A1C1E4B8D000D3A2F /* AppDelegate.swift */ = {isa = PBXFileReference; lastKnownFileType = sourcecode.swift; path = AppDelegate.swift; sourceTree = "<group>"; };
		26F7793C1C1E4B8D000D3A2F /* ViewController.swift */ = {isa = PBXFileReference; lastKnownFileType = sourcecode.swift; path = ViewController.swift; sourceTree = "<group>"; };
		26F7793F1C1E4B8D000D3A2F /* Base */ = {isa = PBXFileReference; lastKnownFileType = file.storyboard; name = Base; path = Base.lproj/Main.storyboard; sourceTree = "<group>"; };
		26F779411C1E4B8D000D3A2F /* Assets.xcassets */ = {isa = PBXFileReference; lastKnownFileType = folder.assetcatalog; path = Assets.xcassets; sourceTree = "<group>"; };
		26F779441C1E4B8D000D3A2F /* Base */ = {isa = PBXFileReference; lastKnownFileType = file.storyboard; name = Base; path = Base.lproj/LaunchScreen.storyboard; sourceTree = "<group>"; };
		26F779461C1E4B8D000D3A2F /* Info.plist */ = {isa = PBXFileReference; lastKnownFileType = text.plist.xml; path = Info.plist; sourceTree = "<group>"; };
/* End PBXFileReference section */

/* Begin PBXFrameworksBuildPhase section */
		26F779341C1E4B8D000D3A2F /* Frameworks */ = {
			isa = PBXFrameworksBuildPhase;
			buildActionMask = 2147483647;
			files = (
			);
			runOnlyForDeploymentPostprocessing = 0;
		};
/* End PBXFrameworksBuildPhase section */

/* Begin PBXGroup section */
		26DB0EFC1C2E85BC007C1E28 /* Util */ = {
			isa = PBXGroup;
			children = (
				26DB0F101C2E85DE007C1E28 /* DMUtils.swift */,
				26DB0F121C2E8626007C1E28 /* DMConsts.swift */,
			);
			path = Util;
			sourceTree = "<group>";
		};
		26DB0EFD1C2E85BC007C1E28 /* Widget */ = {
			isa = PBXGroup;
			children = (
				26DB0EFE1C2E85BC007C1E28 /* DMCircleView */,
				26DB0F001C2E85BC007C1E28 /* DMProgressView */,
				26DB0F021C2E85BC007C1E28 /* DMRefreshView */,
				26DB0F071C2E85BC007C1E28 /* DMViewController */,
			);
			path = Widget;
			sourceTree = "<group>";
		};
		26DB0EFE1C2E85BC007C1E28 /* DMCircleView */ = {
			isa = PBXGroup;
			children = (
				26DB0EFF1C2E85BC007C1E28 /* DMCircleView.swift */,
			);
			path = DMCircleView;
			sourceTree = "<group>";
		};
		26DB0F001C2E85BC007C1E28 /* DMProgressView */ = {
			isa = PBXGroup;
			children = (
				26DB0F011C2E85BC007C1E28 /* DMProgressView.swift */,
			);
			path = DMProgressView;
			sourceTree = "<group>";
		};
		26DB0F021C2E85BC007C1E28 /* DMRefreshView */ = {
			isa = PBXGroup;
			children = (
				26DB0F031C2E85BC007C1E28 /* DMRefreshBaseView.swift */,
				26DB0F041C2E85BC007C1E28 /* DMRefreshFooterView.swift */,
				26DB0F051C2E85BC007C1E28 /* DMRefreshHeaderView.swift */,
				26DB0F061C2E85BC007C1E28 /* ScrollView+DMRefresh.swift */,
			);
			path = DMRefreshView;
			sourceTree = "<group>";
		};
		26DB0F071C2E85BC007C1E28 /* DMViewController */ = {
			isa = PBXGroup;
			children = (
				26DB0F081C2E85BC007C1E28 /* ExtensionViewController.swift */,
			);
			path = DMViewController;
			sourceTree = "<group>";
		};
		26F7792E1C1E4B8D000D3A2F = {
			isa = PBXGroup;
			children = (
				26F779391C1E4B8D000D3A2F /* UITest */,
				26F779381C1E4B8D000D3A2F /* Products */,
			);
			sourceTree = "<group>";
		};
		26F779381C1E4B8D000D3A2F /* Products */ = {
			isa = PBXGroup;
			children = (
				26F779371C1E4B8D000D3A2F /* UITest.app */,
			);
			name = Products;
			sourceTree = "<group>";
		};
		26F779391C1E4B8D000D3A2F /* UITest */ = {
			isa = PBXGroup;
			children = (
				26F7793A1C1E4B8D000D3A2F /* AppDelegate.swift */,
				26F7793C1C1E4B8D000D3A2F /* ViewController.swift */,
				26DB0EFC1C2E85BC007C1E28 /* Util */,
				26DB0EFD1C2E85BC007C1E28 /* Widget */,
				26F7793E1C1E4B8D000D3A2F /* Main.storyboard */,
				26F779411C1E4B8D000D3A2F /* Assets.xcassets */,
				26F779431C1E4B8D000D3A2F /* LaunchScreen.storyboard */,
				26F779461C1E4B8D000D3A2F /* Info.plist */,
			);
			path = UITest;
			sourceTree = "<group>";
		};
/* End PBXGroup section */

/* Begin PBXNativeTarget section */
		26F779361C1E4B8D000D3A2F /* UITest */ = {
			isa = PBXNativeTarget;
			buildConfigurationList = 26F779491C1E4B8D000D3A2F /* Build configuration list for PBXNativeTarget "UITest" */;
			buildPhases = (
				26F779331C1E4B8D000D3A2F /* Sources */,
				26F779341C1E4B8D000D3A2F /* Frameworks */,
				26F779351C1E4B8D000D3A2F /* Resources */,
			);
			buildRules = (
			);
			dependencies = (
			);
			name = UITest;
			productName = UITest;
			productReference = 26F779371C1E4B8D000D3A2F /* UITest.app */;
			productType = "com.apple.product-type.application";
		};
/* End PBXNativeTarget section */

/* Begin PBXProject section */
		26F7792F1C1E4B8D000D3A2F /* Project object */ = {
			isa = PBXProject;
			attributes = {
				LastSwiftUpdateCheck = 0720;
				LastUpgradeCheck = 0720;
				ORGANIZATIONNAME = Milo;
				TargetAttributes = {
					26F779361C1E4B8D000D3A2F = {
						CreatedOnToolsVersion = 7.2;
					};
				};
			};
			buildConfigurationList = 26F779321C1E4B8D000D3A2F /* Build configuration list for PBXProject "UITest" */;
			compatibilityVersion = "Xcode 3.2";
			developmentRegion = English;
			hasScannedForEncodings = 0;
			knownRegions = (
				en,
				Base,
			);
			mainGroup = 26F7792E1C1E4B8D000D3A2F;
			productRefGroup = 26F779381C1E4B8D000D3A2F /* Products */;
			projectDirPath = "";
			projectRoot = "";
			targets = (
				26F779361C1E4B8D000D3A2F /* UITest */,
			);
		};
/* End PBXProject section */

/* Begin PBXResourcesBuildPhase section */
		26F779351C1E4B8D000D3A2F /* Resources */ = {
			isa = PBXResourcesBuildPhase;
			buildActionMask = 2147483647;
			files = (
				26F779451C1E4B8D000D3A2F /* LaunchScreen.storyboard in Resources */,
				26F779421C1E4B8D000D3A2F /* Assets.xcassets in Resources */,
				26F779401C1E4B8D000D3A2F /* Main.storyboard in Resources */,
			);
			runOnlyForDeploymentPostprocessing = 0;
		};
/* End PBXResourcesBuildPhase section */

/* Begin PBXSourcesBuildPhase section */
		26F779331C1E4B8D000D3A2F /* Sources */ = {
			isa = PBXSourcesBuildPhase;
			buildActionMask = 2147483647;
			files = (
				26DB0F0D1C2E85BC007C1E28 /* DMRefreshHeaderView.swift in Sources */,
				26DB0F0C1C2E85BC007C1E28 /* DMRefreshFooterView.swift in Sources */,
				26DB0F111C2E85DE007C1E28 /* DMUtils.swift in Sources */,
				26DB0F0F1C2E85BC007C1E28 /* ExtensionViewController.swift in Sources */,
				26DB0F0E1C2E85BC007C1E28 /* ScrollView+DMRefresh.swift in Sources */,
				26DB0F0A1C2E85BC007C1E28 /* DMProgressView.swift in Sources */,
				26F7793D1C1E4B8D000D3A2F /* ViewController.swift in Sources */,
				26DB0F0B1C2E85BC007C1E28 /* DMRefreshBaseView.swift in Sources */,
				26DB0F131C2E8626007C1E28 /* DMConsts.swift in Sources */,
				26F7793B1C1E4B8D000D3A2F /* AppDelegate.swift in Sources */,
				26DB0F091C2E85BC007C1E28 /* DMCircleView.swift in Sources */,
			);
			runOnlyForDeploymentPostprocessing = 0;
		};
/* End PBXSourcesBuildPhase section */

/* Begin PBXVariantGroup section */
		26F7793E1C1E4B8D000D3A2F /* Main.storyboard */ = {
			isa = PBXVariantGroup;
			children = (
				26F7793F1C1E4B8D000D3A2F /* Base */,
			);
			name = Main.storyboard;
			sourceTree = "<group>";
		};
		26F779431C1E4B8D000D3A2F /* LaunchScreen.storyboard */ = {
			isa = PBXVariantGroup;
			children = (
				26F779441C1E4B8D000D3A2F /* Base */,
			);
			name = LaunchScreen.storyboard;
			sourceTree = "<group>";
		};
/* End PBXVariantGroup section */

/* Begin XCBuildConfiguration section */
		26F779471C1E4B8D000D3A2F /* Debug */ = {
			isa = XCBuildConfiguration;
			buildSettings = {
				ALWAYS_SEARCH_USER_PATHS = NO;
				CLANG_CXX_LANGUAGE_STANDARD = "gnu++0x";
				CLANG_CXX_LIBRARY = "libc++";
				CLANG_ENABLE_MODULES = YES;
				CLANG_ENABLE_OBJC_ARC = YES;
				CLANG_WARN_BOOL_CONVERSION = YES;
				CLANG_WARN_CONSTANT_CONVERSION = YES;
				CLANG_WARN_DIRECT_OBJC_ISA_USAGE = YES_ERROR;
				CLANG_WARN_EMPTY_BODY = YES;
				CLANG_WARN_ENUM_CONVERSION = YES;
				CLANG_WARN_INT_CONVERSION = YES;
				CLANG_WARN_OBJC_ROOT_CLASS = YES_ERROR;
				CLANG_WARN_UNREACHABLE_CODE = YES;
				CLANG_WARN__DUPLICATE_METHOD_MATCH = YES;
				"CODE_SIGN_IDENTITY[sdk=iphoneos*]" = "iPhone Developer";
				COPY_PHASE_STRIP = NO;
				DEBUG_INFORMATION_FORMAT = dwarf;
				ENABLE_STRICT_OBJC_MSGSEND = YES;
				ENABLE_TESTABILITY = YES;
				GCC_C_LANGUAGE_STANDARD = gnu99;
				GCC_DYNAMIC_NO_PIC = NO;
				GCC_NO_COMMON_BLOCKS = YES;
				GCC_OPTIMIZATION_LEVEL = 0;
				GCC_PREPROCESSOR_DEFINITIONS = (
					"DEBUG=1",
					"$(inherited)",
				);
				GCC_WARN_64_TO_32_BIT_CONVERSION = YES;
				GCC_WARN_ABOUT_RETURN_TYPE = YES_ERROR;
				GCC_WARN_UNDECLARED_SELECTOR = YES;
				GCC_WARN_UNINITIALIZED_AUTOS = YES_AGGRESSIVE;
				GCC_WARN_UNUSED_FUNCTION = YES;
				GCC_WARN_UNUSED_VARIABLE = YES;
				IPHONEOS_DEPLOYMENT_TARGET = 9.2;
				MTL_ENABLE_DEBUG_INFO = YES;
				ONLY_ACTIVE_ARCH = YES;
				SDKROOT = iphoneos;
				SWIFT_OPTIMIZATION_LEVEL = "-Onone";
			};
			name = Debug;
		};
		26F779481C1E4B8D000D3A2F /* Release */ = {
			isa = XCBuildConfiguration;
			buildSettings = {
				ALWAYS_SEARCH_USER_PATHS = NO;
				CLANG_CXX_LANGUAGE_STANDARD = "gnu++0x";
				CLANG_CXX_LIBRARY = "libc++";
				CLANG_ENABLE_MODULES = YES;
				CLANG_ENABLE_OBJC_ARC = YES;
				CLANG_WARN_BOOL_CONVERSION = YES;
				CLANG_WARN_CONSTANT_CONVERSION = YES;
				CLANG_WARN_DIRECT_OBJC_ISA_USAGE = YES_ERROR;
				CLANG_WARN_EMPTY_BODY = YES;
				CLANG_WARN_ENUM_CONVERSION = YES;
				CLANG_WARN_INT_CONVERSION = YES;
				CLANG_WARN_OBJC_ROOT_CLASS = YES_ERROR;
				CLANG_WARN_UNREACHABLE_CODE = YES;
				CLANG_WARN__DUPLICATE_METHOD_MATCH = YES;
				"CODE_SIGN_IDENTITY[sdk=iphoneos*]" = "iPhone Developer";
				COPY_PHASE_STRIP = NO;
				DEBUG_INFORMATION_FORMAT = "dwarf-with-dsym";
				ENABLE_NS_ASSERTIONS = NO;
				ENABLE_STRICT_OBJC_MSGSEND = YES;
				GCC_C_LANGUAGE_STANDARD = gnu99;
				GCC_NO_COMMON_BLOCKS = YES;
				GCC_WARN_64_TO_32_BIT_CONVERSION = YES;
				GCC_WARN_ABOUT_RETURN_TYPE = YES_ERROR;
				GCC_WARN_UNDECLARED_SELECTOR = YES;
				GCC_WARN_UNINITIALIZED_AUTOS = YES_AGGRESSIVE;
				GCC_WARN_UNUSED_FUNCTION = YES;
				GCC_WARN_UNUSED_VARIABLE = YES;
				IPHONEOS_DEPLOYMENT_TARGET = 9.2;
				MTL_ENABLE_DEBUG_INFO = NO;
				SDKROOT = iphoneos;
				VALIDATE_PRODUCT = YES;
			};
			name = Release;
		};
		26F7794A1C1E4B8D000D3A2F /* Debug */ = {
			isa = XCBuildConfiguration;
			buildSettings = {
				ASSETCATALOG_COMPILER_APPICON_NAME = AppIcon;
				INFOPLIST_FILE = UITest/Info.plist;
				LD_RUNPATH_SEARCH_PATHS = "$(inherited) @executable_path/Frameworks";
				PRODUCT_BUNDLE_IDENTIFIER = milo.ios.app.UITest;
				PRODUCT_NAME = "$(TARGET_NAME)";
			};
			name = Debug;
		};
		26F7794B1C1E4B8D000D3A2F /* Release */ = {
			isa = XCBuildConfiguration;
			buildSettings = {
				ASSETCATALOG_COMPILER_APPICON_NAME = AppIcon;
				INFOPLIST_FILE = UITest/Info.plist;
				LD_RUNPATH_SEARCH_PATHS = "$(inherited) @executable_path/Frameworks";
				PRODUCT_BUNDLE_IDENTIFIER = milo.ios.app.UITest;
				PRODUCT_NAME = "$(TARGET_NAME)";
			};
			name = Release;
		};
/* End XCBuildConfiguration section */

/* Begin XCConfigurationList section */
		26F779321C1E4B8D000D3A2F /* Build configuration list for PBXProject "UITest" */ = {
			isa = XCConfigurationList;
			buildConfigurations = (
				26F779471C1E4B8D000D3A2F /* Debug */,
				26F779481C1E4B8D000D3A2F /* Release */,
			);
			defaultConfigurationIsVisible = 0;
			defaultConfigurationName = Release;
		};
		26F779491C1E4B8D000D3A2F /* Build configuration list for PBXNativeTarget "UITest" */ = {
			isa = XCConfigurationList;
			buildConfigurations = (
				26F7794A1C1E4B8D000D3A2F /* Debug */,
				26F7794B1C1E4B8D000D3A2F /* Release */,
			);
			defaultConfigurationIsVisible = 0;
			defaultConfigurationName = Release;
		};
/* End XCConfigurationList section */
	};
	rootObject = 26F7792F1C1E4B8D000D3A2F /* Project object */;
}
