// !$*UTF8*$!
{
	archiveVersion = 1;
	classes = {
	};
	objectVersion = 46;
	objects = {

/* Begin PBXBuildFile section */
		2621632A1C32C7CC005C14A2 /* UIDollarView.swift in Sources */ = {isa = PBXBuildFile; fileRef = 262163291C32C7CC005C14A2 /* UIDollarView.swift */; };
		2621632C1C32C7E0005C14A2 /* UIArrowView.swift in Sources */ = {isa = PBXBuildFile; fileRef = 2621632B1C32C7E0005C14A2 /* UIArrowView.swift */; };
		2632B22E1C315C5C002A4A23 /* DMCacheUtils.swift in Sources */ = {isa = PBXBuildFile; fileRef = 2632B22D1C315C5C002A4A23 /* DMCacheUtils.swift */; };
		26650A8F1C2F7C0200F132BA /* DMRefreshHeaderViewDollar.swift in Sources */ = {isa = PBXBuildFile; fileRef = 26650A8E1C2F7C0200F132BA /* DMRefreshHeaderViewDollar.swift */; };
		26650A951C2F972900F132BA /* DMPathUtils.swift in Sources */ = {isa = PBXBuildFile; fileRef = 26650A941C2F972900F132BA /* DMPathUtils.swift */; };
		2669F11E1C2FE2570002DF14 /* DMAnimationUtils.swift in Sources */ = {isa = PBXBuildFile; fileRef = 2669F11D1C2FE2570002DF14 /* DMAnimationUtils.swift */; };
		268C2E411C3175E900231D09 /* DMChartLineView.swift in Sources */ = {isa = PBXBuildFile; fileRef = 268C2E401C3175E900231D09 /* DMChartLineView.swift */; };
		26B8160B1C2EBB730062692A /* CellTest.swift in Sources */ = {isa = PBXBuildFile; fileRef = 26B8160A1C2EBB730062692A /* CellTest.swift */; };
		26DB0F091C2E85BC007C1E28 /* DMCircleView.swift in Sources */ = {isa = PBXBuildFile; fileRef = 26DB0EFF1C2E85BC007C1E28 /* DMCircleView.swift */; };
		26DB0F0B1C2E85BC007C1E28 /* DMRefreshBaseView.swift in Sources */ = {isa = PBXBuildFile; fileRef = 26DB0F031C2E85BC007C1E28 /* DMRefreshBaseView.swift */; };
		26DB0F0C1C2E85BC007C1E28 /* DMRefreshFooterViewDefault.swift in Sources */ = {isa = PBXBuildFile; fileRef = 26DB0F041C2E85BC007C1E28 /* DMRefreshFooterViewDefault.swift */; };
		26DB0F0D1C2E85BC007C1E28 /* DMRefreshHeaderViewDefault.swift in Sources */ = {isa = PBXBuildFile; fileRef = 26DB0F051C2E85BC007C1E28 /* DMRefreshHeaderViewDefault.swift */; };
		26DB0F0E1C2E85BC007C1E28 /* ScrollView+DMRefresh.swift in Sources */ = {isa = PBXBuildFile; fileRef = 26DB0F061C2E85BC007C1E28 /* ScrollView+DMRefresh.swift */; };
		26DB0F111C2E85DE007C1E28 /* DMUtils.swift in Sources */ = {isa = PBXBuildFile; fileRef = 26DB0F101C2E85DE007C1E28 /* DMUtils.swift */; };
		26DB0F131C2E8626007C1E28 /* DMConsts.swift in Sources */ = {isa = PBXBuildFile; fileRef = 26DB0F121C2E8626007C1E28 /* DMConsts.swift */; };
		26F7793B1C1E4B8D000D3A2F /* AppDelegate.swift in Sources */ = {isa = PBXBuildFile; fileRef = 26F7793A1C1E4B8D000D3A2F /* AppDelegate.swift */; };
		26F7793D1C1E4B8D000D3A2F /* ViewController.swift in Sources */ = {isa = PBXBuildFile; fileRef = 26F7793C1C1E4B8D000D3A2F /* ViewController.swift */; };
		26F779401C1E4B8D000D3A2F /* Main.storyboard in Resources */ = {isa = PBXBuildFile; fileRef = 26F7793E1C1E4B8D000D3A2F /* Main.storyboard */; };
		26F779421C1E4B8D000D3A2F /* Assets.xcassets in Resources */ = {isa = PBXBuildFile; fileRef = 26F779411C1E4B8D000D3A2F /* Assets.xcassets */; };
		26F779451C1E4B8D000D3A2F /* LaunchScreen.storyboard in Resources */ = {isa = PBXBuildFile; fileRef = 26F779431C1E4B8D000D3A2F /* LaunchScreen.storyboard */; };
		26FC2F2E1C3414D4007F3626 /* ViewController2.swift in Sources */ = {isa = PBXBuildFile; fileRef = 26FC2F2D1C3414D4007F3626 /* ViewController2.swift */; };
		636822561C30C56200D8A8E9 /* DMChartAxesView.swift in Sources */ = {isa = PBXBuildFile; fileRef = 636822541C30C56200D8A8E9 /* DMChartAxesView.swift */; };
		636822571C30C56200D8A8E9 /* DMChartView.swift in Sources */ = {isa = PBXBuildFile; fileRef = 636822551C30C56200D8A8E9 /* DMChartView.swift */; };
		636822591C30D81E00D8A8E9 /* UILabelWithPadding.swift in Sources */ = {isa = PBXBuildFile; fileRef = 636822581C30D81E00D8A8E9 /* UILabelWithPadding.swift */; };
		6368225B1C3110EB00D8A8E9 /* DMChartBarView.swift in Sources */ = {isa = PBXBuildFile; fileRef = 6368225A1C3110EB00D8A8E9 /* DMChartBarView.swift */; };
		6368225F1C313D6A00D8A8E9 /* ExtensionUIView.swift in Sources */ = {isa = PBXBuildFile; fileRef = 6368225D1C313D6A00D8A8E9 /* ExtensionUIView.swift */; };
		636822601C313D6A00D8A8E9 /* ExtensionViewController.swift in Sources */ = {isa = PBXBuildFile; fileRef = 6368225E1C313D6A00D8A8E9 /* ExtensionViewController.swift */; };
		6368FF3D1C33AD4800F1B6BE /* DMNoticeView.swift in Sources */ = {isa = PBXBuildFile; fileRef = 6368FF3C1C33AD4800F1B6BE /* DMNoticeView.swift */; };
		63C595151C322219007AF6EA /* ExtensionString.swift in Sources */ = {isa = PBXBuildFile; fileRef = 63C595141C322219007AF6EA /* ExtensionString.swift */; };
/* End PBXBuildFile section */

/* Begin PBXFileReference section */
		262163291C32C7CC005C14A2 /* UIDollarView.swift */ = {isa = PBXFileReference; fileEncoding = 4; lastKnownFileType = sourcecode.swift; path = UIDollarView.swift; sourceTree = "<group>"; };
		2621632B1C32C7E0005C14A2 /* UIArrowView.swift */ = {isa = PBXFileReference; fileEncoding = 4; lastKnownFileType = sourcecode.swift; path = UIArrowView.swift; sourceTree = "<group>"; };
		2632B22D1C315C5C002A4A23 /* DMCacheUtils.swift */ = {isa = PBXFileReference; fileEncoding = 4; lastKnownFileType = sourcecode.swift; path = DMCacheUtils.swift; sourceTree = "<group>"; };
		26650A8E1C2F7C0200F132BA /* DMRefreshHeaderViewDollar.swift */ = {isa = PBXFileReference; fileEncoding = 4; lastKnownFileType = sourcecode.swift; path = DMRefreshHeaderViewDollar.swift; sourceTree = "<group>"; };
		26650A941C2F972900F132BA /* DMPathUtils.swift */ = {isa = PBXFileReference; fileEncoding = 4; lastKnownFileType = sourcecode.swift; path = DMPathUtils.swift; sourceTree = "<group>"; };
		2669F11D1C2FE2570002DF14 /* DMAnimationUtils.swift */ = {isa = PBXFileReference; fileEncoding = 4; lastKnownFileType = sourcecode.swift; path = DMAnimationUtils.swift; sourceTree = "<group>"; };
		268C2E401C3175E900231D09 /* DMChartLineView.swift */ = {isa = PBXFileReference; fileEncoding = 4; lastKnownFileType = sourcecode.swift; name = DMChartLineView.swift; path = DMChartView/DMChartLineView.swift; sourceTree = "<group>"; };
		26B8160A1C2EBB730062692A /* CellTest.swift */ = {isa = PBXFileReference; fileEncoding = 4; lastKnownFileType = sourcecode.swift; path = CellTest.swift; sourceTree = "<group>"; };
		26DB0EFF1C2E85BC007C1E28 /* DMCircleView.swift */ = {isa = PBXFileReference; fileEncoding = 4; lastKnownFileType = sourcecode.swift; path = DMCircleView.swift; sourceTree = "<group>"; };
		26DB0F031C2E85BC007C1E28 /* DMRefreshBaseView.swift */ = {isa = PBXFileReference; fileEncoding = 4; lastKnownFileType = sourcecode.swift; path = DMRefreshBaseView.swift; sourceTree = "<group>"; };
		26DB0F041C2E85BC007C1E28 /* DMRefreshFooterViewDefault.swift */ = {isa = PBXFileReference; fileEncoding = 4; lastKnownFileType = sourcecode.swift; path = DMRefreshFooterViewDefault.swift; sourceTree = "<group>"; };
		26DB0F051C2E85BC007C1E28 /* DMRefreshHeaderViewDefault.swift */ = {isa = PBXFileReference; fileEncoding = 4; lastKnownFileType = sourcecode.swift; path = DMRefreshHeaderViewDefault.swift; sourceTree = "<group>"; };
		26DB0F061C2E85BC007C1E28 /* ScrollView+DMRefresh.swift */ = {isa = PBXFileReference; fileEncoding = 4; lastKnownFileType = sourcecode.swift; path = "ScrollView+DMRefresh.swift"; sourceTree = "<group>"; };
		26DB0F101C2E85DE007C1E28 /* DMUtils.swift */ = {isa = PBXFileReference; fileEncoding = 4; lastKnownFileType = sourcecode.swift; path = DMUtils.swift; sourceTree = "<group>"; };
		26DB0F121C2E8626007C1E28 /* DMConsts.swift */ = {isa = PBXFileReference; fileEncoding = 4; lastKnownFileType = sourcecode.swift; path = DMConsts.swift; sourceTree = "<group>"; };
		26F779371C1E4B8D000D3A2F /* UITest.app */ = {isa = PBXFileReference; explicitFileType = wrapper.application; includeInIndex = 0; path = UITest.app; sourceTree = BUILT_PRODUCTS_DIR; };
		26F7793A1C1E4B8D000D3A2F /* AppDelegate.swift */ = {isa = PBXFileReference; lastKnownFileType = sourcecode.swift; path = AppDelegate.swift; sourceTree = "<group>"; };
		26F7793C1C1E4B8D000D3A2F /* ViewController.swift */ = {isa = PBXFileReference; lastKnownFileType = sourcecode.swift; path = ViewController.swift; sourceTree = "<group>"; };
		26F7793F1C1E4B8D000D3A2F /* Base */ = {isa = PBXFileReference; lastKnownFileType = file.storyboard; name = Base; path = Base.lproj/Main.storyboard; sourceTree = "<group>"; };
		26F779411C1E4B8D000D3A2F /* Assets.xcassets */ = {isa = PBXFileReference; lastKnownFileType = folder.assetcatalog; path = Assets.xcassets; sourceTree = "<group>"; };
		26F779441C1E4B8D000D3A2F /* Base */ = {isa = PBXFileReference; lastKnownFileType = file.storyboard; name = Base; path = Base.lproj/LaunchScreen.storyboard; sourceTree = "<group>"; };
		26F779461C1E4B8D000D3A2F /* Info.plist */ = {isa = PBXFileReference; lastKnownFileType = text.plist.xml; path = Info.plist; sourceTree = "<group>"; };
		26FC2F2D1C3414D4007F3626 /* ViewController2.swift */ = {isa = PBXFileReference; fileEncoding = 4; lastKnownFileType = sourcecode.swift; path = ViewController2.swift; sourceTree = "<group>"; };
		636822541C30C56200D8A8E9 /* DMChartAxesView.swift */ = {isa = PBXFileReference; fileEncoding = 4; lastKnownFileType = sourcecode.swift; name = DMChartAxesView.swift; path = DMChartView/DMChartAxesView.swift; sourceTree = "<group>"; };
		636822551C30C56200D8A8E9 /* DMChartView.swift */ = {isa = PBXFileReference; fileEncoding = 4; lastKnownFileType = sourcecode.swift; name = DMChartView.swift; path = DMChartView/DMChartView.swift; sourceTree = "<group>"; };
		636822581C30D81E00D8A8E9 /* UILabelWithPadding.swift */ = {isa = PBXFileReference; fileEncoding = 4; lastKnownFileType = sourcecode.swift; path = UILabelWithPadding.swift; sourceTree = "<group>"; };
		6368225A1C3110EB00D8A8E9 /* DMChartBarView.swift */ = {isa = PBXFileReference; fileEncoding = 4; lastKnownFileType = sourcecode.swift; name = DMChartBarView.swift; path = DMChartView/DMChartBarView.swift; sourceTree = "<group>"; };
		6368225D1C313D6A00D8A8E9 /* ExtensionUIView.swift */ = {isa = PBXFileReference; fileEncoding = 4; lastKnownFileType = sourcecode.swift; name = ExtensionUIView.swift; path = Extension/ExtensionUIView.swift; sourceTree = "<group>"; };
		6368225E1C313D6A00D8A8E9 /* ExtensionViewController.swift */ = {isa = PBXFileReference; fileEncoding = 4; lastKnownFileType = sourcecode.swift; name = ExtensionViewController.swift; path = Extension/ExtensionViewController.swift; sourceTree = "<group>"; };
		6368FF3C1C33AD4800F1B6BE /* DMNoticeView.swift */ = {isa = PBXFileReference; fileEncoding = 4; lastKnownFileType = sourcecode.swift; name = DMNoticeView.swift; path = UITest/Widget/DMNoticeView/DMNoticeView.swift; sourceTree = SOURCE_ROOT; };
		63C595141C322219007AF6EA /* ExtensionString.swift */ = {isa = PBXFileReference; fileEncoding = 4; lastKnownFileType = sourcecode.swift; name = ExtensionString.swift; path = Extension/ExtensionString.swift; sourceTree = "<group>"; };
		63C595161C3224D7007AF6EA /* UITest-Bridging-Header.h */ = {isa = PBXFileReference; lastKnownFileType = sourcecode.c.h; path = "UITest-Bridging-Header.h"; sourceTree = "<group>"; };
/* End PBXFileReference section */

/* Begin PBXFrameworksBuildPhase section */
		26F779341C1E4B8D000D3A2F /* Frameworks */ = {
			isa = PBXFrameworksBuildPhase;
			buildActionMask = 2147483647;
			files = (
			);
			runOnlyForDeploymentPostprocessing = 0;
		};
/* End PBXFrameworksBuildPhase section */

/* Begin PBXGroup section */
		26DB0EFC1C2E85BC007C1E28 /* Util */ = {
			isa = PBXGroup;
			children = (
				26DB0F101C2E85DE007C1E28 /* DMUtils.swift */,
				26DB0F121C2E8626007C1E28 /* DMConsts.swift */,
				2632B22D1C315C5C002A4A23 /* DMCacheUtils.swift */,
			);
			path = Util;
			sourceTree = "<group>";
		};
		26DB0EFD1C2E85BC007C1E28 /* Widget */ = {
			isa = PBXGroup;
			children = (
				26650A941C2F972900F132BA /* DMPathUtils.swift */,
				2669F11D1C2FE2570002DF14 /* DMAnimationUtils.swift */,
				636822581C30D81E00D8A8E9 /* UILabelWithPadding.swift */,
				262163291C32C7CC005C14A2 /* UIDollarView.swift */,
				2621632B1C32C7E0005C14A2 /* UIArrowView.swift */,
				636822511C30BDBE00D8A8E9 /* DMChartView */,
				26DB0EFE1C2E85BC007C1E28 /* DMCircleView */,
				26DB0F001C2E85BC007C1E28 /* DMNoticeView */,
				26DB0F021C2E85BC007C1E28 /* DMRefreshView */,
			);
			path = Widget;
			sourceTree = "<group>";
		};
		26DB0EFE1C2E85BC007C1E28 /* DMCircleView */ = {
			isa = PBXGroup;
			children = (
				26DB0EFF1C2E85BC007C1E28 /* DMCircleView.swift */,
			);
			path = DMCircleView;
			sourceTree = "<group>";
		};
		26DB0F001C2E85BC007C1E28 /* DMNoticeView */ = {
			isa = PBXGroup;
			children = (
				6368FF3C1C33AD4800F1B6BE /* DMNoticeView.swift */,
			);
			name = DMNoticeView;
			path = DMProgressView;
			sourceTree = "<group>";
		};
		26DB0F021C2E85BC007C1E28 /* DMRefreshView */ = {
			isa = PBXGroup;
			children = (
				26DB0F031C2E85BC007C1E28 /* DMRefreshBaseView.swift */,
				26DB0F051C2E85BC007C1E28 /* DMRefreshHeaderViewDefault.swift */,
				26650A8E1C2F7C0200F132BA /* DMRefreshHeaderViewDollar.swift */,
				26DB0F041C2E85BC007C1E28 /* DMRefreshFooterViewDefault.swift */,
				26DB0F061C2E85BC007C1E28 /* ScrollView+DMRefresh.swift */,
			);
			path = DMRefreshView;
			sourceTree = "<group>";
		};
		26F7792E1C1E4B8D000D3A2F = {
			isa = PBXGroup;
			children = (
				26F779391C1E4B8D000D3A2F /* UITest */,
				26F779381C1E4B8D000D3A2F /* Products */,
			);
			sourceTree = "<group>";
		};
		26F779381C1E4B8D000D3A2F /* Products */ = {
			isa = PBXGroup;
			children = (
				26F779371C1E4B8D000D3A2F /* UITest.app */,
			);
			name = Products;
			sourceTree = "<group>";
		};
		26F779391C1E4B8D000D3A2F /* UITest */ = {
			isa = PBXGroup;
			children = (
				26F7793A1C1E4B8D000D3A2F /* AppDelegate.swift */,
				26F7793C1C1E4B8D000D3A2F /* ViewController.swift */,
				26FC2F2D1C3414D4007F3626 /* ViewController2.swift */,
				26B8160A1C2EBB730062692A /* CellTest.swift */,
				6368225C1C313D4100D8A8E9 /* Extension */,
				26DB0EFC1C2E85BC007C1E28 /* Util */,
				26DB0EFD1C2E85BC007C1E28 /* Widget */,
				26F7793E1C1E4B8D000D3A2F /* Main.storyboard */,
				26F779411C1E4B8D000D3A2F /* Assets.xcassets */,
				26F779431C1E4B8D000D3A2F /* LaunchScreen.storyboard */,
				26F779461C1E4B8D000D3A2F /* Info.plist */,
				63C595161C3224D7007AF6EA /* UITest-Bridging-Header.h */,
			);
			path = UITest;
			sourceTree = "<group>";
		};
		636822511C30BDBE00D8A8E9 /* DMChartView */ = {
			isa = PBXGroup;
			children = (
				636822541C30C56200D8A8E9 /* DMChartAxesView.swift */,
				268C2E401C3175E900231D09 /* DMChartLineView.swift */,
				6368225A1C3110EB00D8A8E9 /* DMChartBarView.swift */,
				636822551C30C56200D8A8E9 /* DMChartView.swift */,
			);
			name = DMChartView;
			sourceTree = "<group>";
		};
		6368225C1C313D4100D8A8E9 /* Extension */ = {
			isa = PBXGroup;
			children = (
				6368225D1C313D6A00D8A8E9 /* ExtensionUIView.swift */,
				6368225E1C313D6A00D8A8E9 /* ExtensionViewController.swift */,
				63C595141C322219007AF6EA /* ExtensionString.swift */,
			);
			name = Extension;
			sourceTree = "<group>";
		};
/* End PBXGroup section */

/* Begin PBXNativeTarget section */
		26F779361C1E4B8D000D3A2F /* UITest */ = {
			isa = PBXNativeTarget;
			buildConfigurationList = 26F779491C1E4B8D000D3A2F /* Build configuration list for PBXNativeTarget "UITest" */;
			buildPhases = (
				26F779331C1E4B8D000D3A2F /* Sources */,
				26F779341C1E4B8D000D3A2F /* Frameworks */,
				26F779351C1E4B8D000D3A2F /* Resources */,
			);
			buildRules = (
			);
			dependencies = (
			);
			name = UITest;
			productName = UITest;
			productReference = 26F779371C1E4B8D000D3A2F /* UITest.app */;
			productType = "com.apple.product-type.application";
		};
/* End PBXNativeTarget section */

/* Begin PBXProject section */
		26F7792F1C1E4B8D000D3A2F /* Project object */ = {
			isa = PBXProject;
			attributes = {
				LastSwiftUpdateCheck = 0720;
				LastUpgradeCheck = 0720;
				ORGANIZATIONNAME = Milo;
				TargetAttributes = {
					26F779361C1E4B8D000D3A2F = {
						CreatedOnToolsVersion = 7.2;
					};
				};
			};
			buildConfigurationList = 26F779321C1E4B8D000D3A2F /* Build configuration list for PBXProject "UITest" */;
			compatibilityVersion = "Xcode 3.2";
			developmentRegion = English;
			hasScannedForEncodings = 0;
			knownRegions = (
				en,
				Base,
			);
			mainGroup = 26F7792E1C1E4B8D000D3A2F;
			productRefGroup = 26F779381C1E4B8D000D3A2F /* Products */;
			projectDirPath = "";
			projectRoot = "";
			targets = (
				26F779361C1E4B8D000D3A2F /* UITest */,
			);
		};
/* End PBXProject section */

/* Begin PBXResourcesBuildPhase section */
		26F779351C1E4B8D000D3A2F /* Resources */ = {
			isa = PBXResourcesBuildPhase;
			buildActionMask = 2147483647;
			files = (
				26F779451C1E4B8D000D3A2F /* LaunchScreen.storyboard in Resources */,
				26F779421C1E4B8D000D3A2F /* Assets.xcassets in Resources */,
				26F779401C1E4B8D000D3A2F /* Main.storyboard in Resources */,
			);
			runOnlyForDeploymentPostprocessing = 0;
		};
/* End PBXResourcesBuildPhase section */

/* Begin PBXSourcesBuildPhase section */
		26F779331C1E4B8D000D3A2F /* Sources */ = {
			isa = PBXSourcesBuildPhase;
			buildActionMask = 2147483647;
			files = (
				268C2E411C3175E900231D09 /* DMChartLineView.swift in Sources */,
				26DB0F0D1C2E85BC007C1E28 /* DMRefreshHeaderViewDefault.swift in Sources */,
				26650A8F1C2F7C0200F132BA /* DMRefreshHeaderViewDollar.swift in Sources */,
				26DB0F0C1C2E85BC007C1E28 /* DMRefreshFooterViewDefault.swift in Sources */,
				636822571C30C56200D8A8E9 /* DMChartView.swift in Sources */,
				2669F11E1C2FE2570002DF14 /* DMAnimationUtils.swift in Sources */,
				26DB0F111C2E85DE007C1E28 /* DMUtils.swift in Sources */,
				26DB0F0E1C2E85BC007C1E28 /* ScrollView+DMRefresh.swift in Sources */,
				63C595151C322219007AF6EA /* ExtensionString.swift in Sources */,
				26F7793D1C1E4B8D000D3A2F /* ViewController.swift in Sources */,
				26DB0F0B1C2E85BC007C1E28 /* DMRefreshBaseView.swift in Sources */,
				2632B22E1C315C5C002A4A23 /* DMCacheUtils.swift in Sources */,
				636822591C30D81E00D8A8E9 /* UILabelWithPadding.swift in Sources */,
				26650A951C2F972900F132BA /* DMPathUtils.swift in Sources */,
				26DB0F131C2E8626007C1E28 /* DMConsts.swift in Sources */,
				6368FF3D1C33AD4800F1B6BE /* DMNoticeView.swift in Sources */,
				6368225F1C313D6A00D8A8E9 /* ExtensionUIView.swift in Sources */,
				26B8160B1C2EBB730062692A /* CellTest.swift in Sources */,
				26F7793B1C1E4B8D000D3A2F /* AppDelegate.swift in Sources */,
				6368225B1C3110EB00D8A8E9 /* DMChartBarView.swift in Sources */,
				2621632C1C32C7E0005C14A2 /* UIArrowView.swift in Sources */,
				2621632A1C32C7CC005C14A2 /* UIDollarView.swift in Sources */,
				26DB0F091C2E85BC007C1E28 /* DMCircleView.swift in Sources */,
				636822561C30C56200D8A8E9 /* DMChartAxesView.swift in Sources */,
				636822601C313D6A00D8A8E9 /* ExtensionViewController.swift in Sources */,
				26FC2F2E1C3414D4007F3626 /* ViewController2.swift in Sources */,
			);
			runOnlyForDeploymentPostprocessing = 0;
		};
/* End PBXSourcesBuildPhase section */

/* Begin PBXVariantGroup section */
		26F7793E1C1E4B8D000D3A2F /* Main.storyboard */ = {
			isa = PBXVariantGroup;
			children = (
				26F7793F1C1E4B8D000D3A2F /* Base */,
			);
			name = Main.storyboard;
			sourceTree = "<group>";
		};
		26F779431C1E4B8D000D3A2F /* LaunchScreen.storyboard */ = {
			isa = PBXVariantGroup;
			children = (
				26F779441C1E4B8D000D3A2F /* Base */,
			);
			name = LaunchScreen.storyboard;
			sourceTree = "<group>";
		};
/* End PBXVariantGroup section */

/* Begin XCBuildConfiguration section */
		26F779471C1E4B8D000D3A2F /* Debug */ = {
			isa = XCBuildConfiguration;
			buildSettings = {
				ALWAYS_SEARCH_USER_PATHS = NO;
				CLANG_CXX_LANGUAGE_STANDARD = "gnu++0x";
				CLANG_CXX_LIBRARY = "libc++";
				CLANG_ENABLE_MODULES = YES;
				CLANG_ENABLE_OBJC_ARC = YES;
				CLANG_WARN_BOOL_CONVERSION = YES;
				CLANG_WARN_CONSTANT_CONVERSION = YES;
				CLANG_WARN_DIRECT_OBJC_ISA_USAGE = YES_ERROR;
				CLANG_WARN_EMPTY_BODY = YES;
				CLANG_WARN_ENUM_CONVERSION = YES;
				CLANG_WARN_INT_CONVERSION = YES;
				CLANG_WARN_OBJC_ROOT_CLASS = YES_ERROR;
				CLANG_WARN_UNREACHABLE_CODE = YES;
				CLANG_WARN__DUPLICATE_METHOD_MATCH = YES;
				"CODE_SIGN_IDENTITY[sdk=iphoneos*]" = "iPhone Developer";
				COPY_PHASE_STRIP = NO;
				DEBUG_INFORMATION_FORMAT = dwarf;
				ENABLE_STRICT_OBJC_MSGSEND = YES;
				ENABLE_TESTABILITY = YES;
				GCC_C_LANGUAGE_STANDARD = gnu99;
				GCC_DYNAMIC_NO_PIC = NO;
				GCC_NO_COMMON_BLOCKS = YES;
				GCC_OPTIMIZATION_LEVEL = 0;
				GCC_PREPROCESSOR_DEFINITIONS = (
					"DEBUG=1",
					"$(inherited)",
				);
				GCC_WARN_64_TO_32_BIT_CONVERSION = YES;
				GCC_WARN_ABOUT_RETURN_TYPE = YES_ERROR;
				GCC_WARN_UNDECLARED_SELECTOR = YES;
				GCC_WARN_UNINITIALIZED_AUTOS = YES_AGGRESSIVE;
				GCC_WARN_UNUSED_FUNCTION = YES;
				GCC_WARN_UNUSED_VARIABLE = YES;
				IPHONEOS_DEPLOYMENT_TARGET = 9.2;
				MTL_ENABLE_DEBUG_INFO = YES;
				ONLY_ACTIVE_ARCH = YES;
				SDKROOT = iphoneos;
				SWIFT_OPTIMIZATION_LEVEL = "-Onone";
			};
			name = Debug;
		};
		26F779481C1E4B8D000D3A2F /* Release */ = {
			isa = XCBuildConfiguration;
			buildSettings = {
				ALWAYS_SEARCH_USER_PATHS = NO;
				CLANG_CXX_LANGUAGE_STANDARD = "gnu++0x";
				CLANG_CXX_LIBRARY = "libc++";
				CLANG_ENABLE_MODULES = YES;
				CLANG_ENABLE_OBJC_ARC = YES;
				CLANG_WARN_BOOL_CONVERSION = YES;
				CLANG_WARN_CONSTANT_CONVERSION = YES;
				CLANG_WARN_DIRECT_OBJC_ISA_USAGE = YES_ERROR;
				CLANG_WARN_EMPTY_BODY = YES;
				CLANG_WARN_ENUM_CONVERSION = YES;
				CLANG_WARN_INT_CONVERSION = YES;
				CLANG_WARN_OBJC_ROOT_CLASS = YES_ERROR;
				CLANG_WARN_UNREACHABLE_CODE = YES;
				CLANG_WARN__DUPLICATE_METHOD_MATCH = YES;
				"CODE_SIGN_IDENTITY[sdk=iphoneos*]" = "iPhone Developer";
				COPY_PHASE_STRIP = NO;
				DEBUG_INFORMATION_FORMAT = "dwarf-with-dsym";
				ENABLE_NS_ASSERTIONS = NO;
				ENABLE_STRICT_OBJC_MSGSEND = YES;
				GCC_C_LANGUAGE_STANDARD = gnu99;
				GCC_NO_COMMON_BLOCKS = YES;
				GCC_WARN_64_TO_32_BIT_CONVERSION = YES;
				GCC_WARN_ABOUT_RETURN_TYPE = YES_ERROR;
				GCC_WARN_UNDECLARED_SELECTOR = YES;
				GCC_WARN_UNINITIALIZED_AUTOS = YES_AGGRESSIVE;
				GCC_WARN_UNUSED_FUNCTION = YES;
				GCC_WARN_UNUSED_VARIABLE = YES;
				IPHONEOS_DEPLOYMENT_TARGET = 9.2;
				MTL_ENABLE_DEBUG_INFO = NO;
				SDKROOT = iphoneos;
				VALIDATE_PRODUCT = YES;
			};
			name = Release;
		};
		26F7794A1C1E4B8D000D3A2F /* Debug */ = {
			isa = XCBuildConfiguration;
			buildSettings = {
				ASSETCATALOG_COMPILER_APPICON_NAME = AppIcon;
				CLANG_ENABLE_MODULES = YES;
				INFOPLIST_FILE = UITest/Info.plist;
				LD_RUNPATH_SEARCH_PATHS = "$(inherited) @executable_path/Frameworks";
				PRODUCT_BUNDLE_IDENTIFIER = milo.ios.app.UITest;
				PRODUCT_NAME = "$(TARGET_NAME)";
				SWIFT_OBJC_BRIDGING_HEADER = "UITest/UITest-Bridging-Header.h";
				SWIFT_OPTIMIZATION_LEVEL = "-Onone";
			};
			name = Debug;
		};
		26F7794B1C1E4B8D000D3A2F /* Release */ = {
			isa = XCBuildConfiguration;
			buildSettings = {
				ASSETCATALOG_COMPILER_APPICON_NAME = AppIcon;
				CLANG_ENABLE_MODULES = YES;
				INFOPLIST_FILE = UITest/Info.plist;
				LD_RUNPATH_SEARCH_PATHS = "$(inherited) @executable_path/Frameworks";
				PRODUCT_BUNDLE_IDENTIFIER = milo.ios.app.UITest;
				PRODUCT_NAME = "$(TARGET_NAME)";
				SWIFT_OBJC_BRIDGING_HEADER = "UITest/UITest-Bridging-Header.h";
			};
			name = Release;
		};
/* End XCBuildConfiguration section */

/* Begin XCConfigurationList section */
		26F779321C1E4B8D000D3A2F /* Build configuration list for PBXProject "UITest" */ = {
			isa = XCConfigurationList;
			buildConfigurations = (
				26F779471C1E4B8D000D3A2F /* Debug */,
				26F779481C1E4B8D000D3A2F /* Release */,
			);
			defaultConfigurationIsVisible = 0;
			defaultConfigurationName = Release;
		};
		26F779491C1E4B8D000D3A2F /* Build configuration list for PBXNativeTarget "UITest" */ = {
			isa = XCConfigurationList;
			buildConfigurations = (
				26F7794A1C1E4B8D000D3A2F /* Debug */,
				26F7794B1C1E4B8D000D3A2F /* Release */,
			);
			defaultConfigurationIsVisible = 0;
			defaultConfigurationName = Release;
		};
/* End XCConfigurationList section */
	};
	rootObject = 26F7792F1C1E4B8D000D3A2F /* Project object */;
}
